
Microsoft Visual Studio Solution File, Format Version 12.00
# Visual Studio Version 17
VisualStudioVersion = 17.5.002.0
MinimumVisualStudioVersion = 10.0.40219.1
Project("{9A19103F-16F7-4668-BE54-9A1E7A4F7556}") = "OrderingSystem", "OrderingSystem\OrderingSystem.csproj", "{C4A55FDE-9985-4CF3-A954-F8DA883E7C79}"
EndProject
Project("{2150E333-8FDC-42A3-9474-1A3956D46DE8}") = "OrderingSystem (1)", "OrderingSystem", "{01B07A58-1CB8-4988-94C0-6885ECD171F4}"
EndProject
Project("{9A19103F-16F7-4668-BE54-9A1E7A4F7556}") = "SpecFlowTests", "OrderingSystem\SpecFlowTests\SpecFlowTests.csproj", "{B3D5EFFC-A814-411E-9CD1-BEEA2E2C1A25}"
EndProject
Global
	GlobalSection(SolutionConfigurationPlatforms) = preSolution
		Debug|Any CPU = Debug|Any CPU
		Release|Any CPU = Release|Any CPU
	EndGlobalSection
	GlobalSection(ProjectConfigurationPlatforms) = postSolution
		{C4A55FDE-9985-4CF3-A954-F8DA883E7C79}.Debug|Any CPU.ActiveCfg = Debug|Any CPU
		{C4A55FDE-9985-4CF3-A954-F8DA883E7C79}.Debug|Any CPU.Build.0 = Debug|Any CPU
		{C4A55FDE-9985-4CF3-A954-F8DA883E7C79}.Release|Any CPU.ActiveCfg = Release|Any CPU
		{C4A55FDE-9985-4CF3-A954-F8DA883E7C79}.Release|Any CPU.Build.0 = Release|Any CPU
		{B3D5EFFC-A814-411E-9CD1-BEEA2E2C1A25}.Debug|Any CPU.ActiveCfg = Debug|Any CPU
		{B3D5EFFC-A814-411E-9CD1-BEEA2E2C1A25}.Debug|Any CPU.Build.0 = Debug|Any CPU
		{B3D5EFFC-A814-411E-9CD1-BEEA2E2C1A25}.Release|Any CPU.ActiveCfg = Release|Any CPU
		{B3D5EFFC-A814-411E-9CD1-BEEA2E2C1A25}.Release|Any CPU.Build.0 = Release|Any CPU
	EndGlobalSection
	GlobalSection(SolutionProperties) = preSolution
		HideSolutionNode = FALSE
	EndGlobalSection
	GlobalSection(NestedProjects) = preSolution
		{B3D5EFFC-A814-411E-9CD1-BEEA2E2C1A25} = {01B07A58-1CB8-4988-94C0-6885ECD171F4}
	EndGlobalSection
	GlobalSection(ExtensibilityGlobals) = postSolution
		SolutionGuid = {F786FFF1-56C4-4861-B415-186144DAC841}
	EndGlobalSection
EndGlobal
